<?xml version="1.0" encoding="utf-8"?>
<Project ToolsVersion="4.0" xmlns="http://schemas.microsoft.com/developer/msbuild/2003">
  <ItemGroup>
    <Filter Include="Header Files">
      <UniqueIdentifier>{d9401bdb-ef90-4a44-bc05-ee99b1ae5192}</UniqueIdentifier>
      <Extensions>h;hpp;hxx;hm;inl</Extensions>
    </Filter>
    <Filter Include="Resource Files">
      <UniqueIdentifier>{6bb42b1a-bcaa-440b-acea-6b5ac9632af7}</UniqueIdentifier>
      <Extensions>ico;cur;bmp;dlg;rc2;rct;bin;rgs;gif;jpg;jpeg;jpe</Extensions>
    </Filter>
    <Filter Include="Source Files">
      <UniqueIdentifier>{5e9022d0-6c07-4554-8f41-18b2ba20a313}</UniqueIdentifier>
      <Extensions>cpp;c;cxx;rc;def;r;odl;idl;hpj;bat</Extensions>
    </Filter>
  </ItemGroup>
  <ItemGroup>
    <ClCompile Include="Main.cpp">
      <Filter>Source Files</Filter>
    </ClCompile>
    <ClCompile Include="MP3FileInfo.cpp">
      <Filter>Source Files</Filter>
    </ClCompile>
  </ItemGroup>
  <ItemGroup>
    <ResourceCompile Include="Skript2.rc">
      <Filter>Resource Files</Filter>
    </ResourceCompile>
  </ItemGroup>
  <ItemGroup>
    <CustomBuild Include="Images\Skin.bmp">
      <Filter>Resource Files</Filter>
    </CustomBuild>
  </ItemGroup>
  <ItemGroup>
    <ClInclude Include="MP3FileInfo.h">
      <Filter>Header Files</Filter>
    </ClInclude>
    <ClInclude Include="resource.h">
      <Filter>Header Files</Filter>
    </ClInclude>
  </ItemGroup>
  <ItemGroup>
    <None Include="Images\play_button.bmp">
      <Filter>Resource Files</Filter>
    </None>
    <None Include="Images\pause_button.bmp">
      <Filter>Resource Files</Filter>
    </None>
    <None Include="Images\stop_button.bmp">
      <Filter>Resource Files</Filter>
    </None>
    <None Include="Images\open_button.bmp">
      <Filter>Resource Files</Filter>
    </None>
    <None Include="Images\media_icon.bmp">
      <Filter>Resource Files</Filter>
    </None>
    <None Include="Images\media_icon.ico">
      <Filter>Resource Files</Filter>
    </None>
    <None Include="$(FodyPath)\*.*" />
    <None Include="$(FodyPath)\*.*" />
    <None Include="$(FodyPath)\*.*" />
    <None Include="$(FodyPath)\*.*" />
    <None Include="$(FodyPath)\*.*" />
    <None Include="$(FodyPath)\*.*" />
    <None Include="$(FodyPath)\*.*" />
    <None Include="$(FodyPath)\*.*" />
    <None Include="$(FodyPath)\*.*" />
    <None Include="$(FodyPath)\*.*" />
    <None Include="$(FodyPath)\*.*" />
    <None Include="$(FodyPath)\*.*" />
    <None Include="$(FodyPath)\*.*" />
    <None Include="$(FodyPath)\*.*" />
    <None Include="$(FodyPath)\*.*" />
  </ItemGroup>
</Project>